
Microsoft Visual Studio Solution File, Format Version 12.00
# Visual Studio Version 17
VisualStudioVersion = 17.1.32407.343
MinimumVisualStudioVersion = 10.0.40219.1
Project("{FAE04EC0-301F-11D3-BF4B-00C04F79EFBC}") = "Broadcaster", "Broadcaster\Broadcaster.csproj", "{4948F3C9-00BE-4B6B-9BAC-12C47E889393}"
EndProject
Global
	GlobalSection(SolutionConfigurationPlatforms) = preSolution
		Debug|Any CPU = Debug|Any CPU
		Release|Any CPU = Release|Any CPU
	EndGlobalSection
	GlobalSection(ProjectConfigurationPlatforms) = postSolution
		{4948F3C9-00BE-4B6B-9BAC-12C47E889393}.Debug|Any CPU.ActiveCfg = Debug|Any CPU
		{4948F3C9-00BE-4B6B-9BAC-12C47E889393}.Debug|Any CPU.Build.0 = Debug|Any CPU
		{4948F3C9-00BE-4B6B-9BAC-12C47E889393}.Release|Any CPU.ActiveCfg = Release|Any CPU
		{4948F3C9-00BE-4B6B-9BAC-12C47E889393}.Release|Any CPU.Build.0 = Release|Any CPU
	EndGlobalSection
	GlobalSection(SolutionProperties) = preSolution
		HideSolutionNode = FALSE
	EndGlobalSection
	GlobalSection(ExtensibilityGlobals) = postSolution
		SolutionGuid = {A283C387-98F4-46F3-BE0B-D4F087A65C46}
	EndGlobalSection
EndGlobal
